{
  "name": "v6",
  "version": "1.0.0",
  "lockfileVersion": 3,
  "requires": true,
  "packages": {
    "": {
      "name": "v6",
      "version": "1.0.0",
      "license": "ISC",
      "dependencies": {
        "cordova-plugin-android-permissions": "^1.1.5",
        "cordova-plugin-legacy-whitelist": "^1.1.1"
      }
    },
    "node_modules/cordova-plugin-android-permissions": {
      "version": "1.1.5",
      "resolved": "https://registry.npmjs.org/cordova-plugin-android-permissions/-/cordova-plugin-android-permissions-1.1.5.tgz",
      "integrity": "sha512-oTTV9cCMBqXTCmU+nYRebsP2IQfrtdvl2vYXHjoJgv5NHCIDgY4KFg6kJTcwXQOiymeGXuw0+MTvJJOueAdleA==",
      "engines": [
        {
          "name": "cordova",
          "version": ">=5.0.0"
        }
      ],
      "license": "Apache 2.0"
    },
    "node_modules/cordova-plugin-legacy-whitelist": {
      "version": "1.1.1",
      "resolved": "https://registry.npmjs.org/cordova-plugin-legacy-whitelist/-/cordova-plugin-legacy-whitelist-1.1.1.tgz",
      "integrity": "sha512-z+n0X8CZUl1P2MrvqiMqNygNH26sHFGZj3MN5kxSQXMjXMsvIGPbDNHYqa8O87UTEQScUfcVrCeJVlxBVzjOww==",
      "engines": [
        {
          "name": "cordova-android",
          "version": ">=4.0.0-dev"
        },
        {
          "name": "cordova-ios",
          "version": ">=4.0.0-dev"
        }
      ],
      "license": "Apache 2.0"
    }
  }
}
